Microsoft Visual Studio Solution File, Format Version 11.00
# Visual Studio 2010
Project("{FAE04EC0-301F-11D3-BF4B-00C04F79EFBC}") = "MSDataFileReader.NET", "MSDataFileReader.NET.csproj", "{8605FE9C-CA11-0FF6-2A95-4FCB3D16BBA5}"
EndProject
Global
	GlobalSection(SolutionConfigurationPlatforms) = preSolution
		Debug|Any CPU = Debug|Any CPU
		Release|Any CPU = Release|Any CPU
	EndGlobalSection
	GlobalSection(ProjectConfigurationPlatforms) = postSolution
		{8605FE9C-CA11-0FF6-2A95-4FCB3D16BBA5}.Debug|Any CPU.ActiveCfg = Debug|Any CPU
		{8605FE9C-CA11-0FF6-2A95-4FCB3D16BBA5}.Debug|Any CPU.Build.0 = Debug|Any CPU
		{8605FE9C-CA11-0FF6-2A95-4FCB3D16BBA5}.Release|Any CPU.ActiveCfg = Release|Any CPU
		{8605FE9C-CA11-0FF6-2A95-4FCB3D16BBA5}.Release|Any CPU.Build.0 = Release|Any CPU
	EndGlobalSection
	GlobalSection(SolutionProperties) = preSolution
		HideSolutionNode = FALSE
	EndGlobalSection
EndGlobal
