
Microsoft Visual Studio Solution File, Format Version 12.00
# Visual Studio Version 17
VisualStudioVersion = 17.0.32014.148
MinimumVisualStudioVersion = 10.0.40219.1
Project("{FAE04EC0-301F-11D3-BF4B-00C04F79EFBC}") = "MSDataFileReader.NET", "MSDataFileReader.NET.csproj", "{8605FE9C-CA11-0FF6-2A95-4FCB3D16BBA5}"
EndProject
Project("{FAE04EC0-301F-11D3-BF4B-00C04F79EFBC}") = "MSDataFileReaderUnitTests", "UnitTests\MSDataFileReaderUnitTests.csproj", "{C1D55925-259B-46EE-8772-914537F0FCD4}"
EndProject
Global
	GlobalSection(SolutionConfigurationPlatforms) = preSolution
		Debug|Any CPU = Debug|Any CPU
		Release|Any CPU = Release|Any CPU
	EndGlobalSection
	GlobalSection(ProjectConfigurationPlatforms) = postSolution
		{8605FE9C-CA11-0FF6-2A95-4FCB3D16BBA5}.Debug|Any CPU.ActiveCfg = Debug|Any CPU
		{8605FE9C-CA11-0FF6-2A95-4FCB3D16BBA5}.Debug|Any CPU.Build.0 = Debug|Any CPU
		{8605FE9C-CA11-0FF6-2A95-4FCB3D16BBA5}.Release|Any CPU.ActiveCfg = Release|Any CPU
		{8605FE9C-CA11-0FF6-2A95-4FCB3D16BBA5}.Release|Any CPU.Build.0 = Release|Any CPU
		{C1D55925-259B-46EE-8772-914537F0FCD4}.Debug|Any CPU.ActiveCfg = Debug|Any CPU
		{C1D55925-259B-46EE-8772-914537F0FCD4}.Debug|Any CPU.Build.0 = Debug|Any CPU
		{C1D55925-259B-46EE-8772-914537F0FCD4}.Release|Any CPU.ActiveCfg = Release|Any CPU
		{C1D55925-259B-46EE-8772-914537F0FCD4}.Release|Any CPU.Build.0 = Release|Any CPU
	EndGlobalSection
	GlobalSection(SolutionProperties) = preSolution
		HideSolutionNode = FALSE
	EndGlobalSection
	GlobalSection(ExtensibilityGlobals) = postSolution
		SolutionGuid = {E3BEE79A-DB92-40C2-8084-273D5D84DE93}
	EndGlobalSection
EndGlobal
